
Microsoft Visual Studio Solution File, Format Version 12.00
# Visual Studio Version 17
VisualStudioVersion = 17.6.33829.357
MinimumVisualStudioVersion = 10.0.40219.1
Project("{FAE04EC0-301F-11D3-BF4B-00C04F79EFBC}") = "Homework_Math_profect", "Homework_Math_profect.csproj", "{01672B17-3A80-45F5-AA39-5985F974F4B6}"
EndProject
Global
	GlobalSection(SolutionConfigurationPlatforms) = preSolution
		Debug|Any CPU = Debug|Any CPU
		Release|Any CPU = Release|Any CPU
	EndGlobalSection
	GlobalSection(ProjectConfigurationPlatforms) = postSolution
		{01672B17-3A80-45F5-AA39-5985F974F4B6}.Debug|Any CPU.ActiveCfg = Debug|Any CPU
		{01672B17-3A80-45F5-AA39-5985F974F4B6}.Debug|Any CPU.Build.0 = Debug|Any CPU
		{01672B17-3A80-45F5-AA39-5985F974F4B6}.Release|Any CPU.ActiveCfg = Release|Any CPU
		{01672B17-3A80-45F5-AA39-5985F974F4B6}.Release|Any CPU.Build.0 = Release|Any CPU
	EndGlobalSection
	GlobalSection(SolutionProperties) = preSolution
		HideSolutionNode = FALSE
	EndGlobalSection
	GlobalSection(ExtensibilityGlobals) = postSolution
		SolutionGuid = {E2AFE727-CB76-4A44-946F-E714C9BB43CC}
	EndGlobalSection
EndGlobal
